
Microsoft Visual Studio Solution File, Format Version 12.00
# Visual Studio 15
VisualStudioVersion = 15.0.28010.2048
MinimumVisualStudioVersion = 10.0.40219.1
Project("{FAE04EC0-301F-11D3-BF4B-00C04F79EFBC}") = "Assigment2_Csharp", "Assigment2_Csharp.csproj", "{34E0508B-629A-4427-8FD6-C891A2BD2EB8}"
EndProject
Global
	GlobalSection(SolutionConfigurationPlatforms) = preSolution
		Debug|Any CPU = Debug|Any CPU
		Release|Any CPU = Release|Any CPU
	EndGlobalSection
	GlobalSection(ProjectConfigurationPlatforms) = postSolution
		{34E0508B-629A-4427-8FD6-C891A2BD2EB8}.Debug|Any CPU.ActiveCfg = Debug|Any CPU
		{34E0508B-629A-4427-8FD6-C891A2BD2EB8}.Debug|Any CPU.Build.0 = Debug|Any CPU
		{34E0508B-629A-4427-8FD6-C891A2BD2EB8}.Release|Any CPU.ActiveCfg = Release|Any CPU
		{34E0508B-629A-4427-8FD6-C891A2BD2EB8}.Release|Any CPU.Build.0 = Release|Any CPU
	EndGlobalSection
	GlobalSection(SolutionProperties) = preSolution
		HideSolutionNode = FALSE
	EndGlobalSection
	GlobalSection(ExtensibilityGlobals) = postSolution
		SolutionGuid = {7429F521-C84B-4943-8E3F-9BAEEF9C5AB6}
	EndGlobalSection
EndGlobal
